
Microsoft Visual Studio Solution File, Format Version 12.00
# Visual Studio 15
VisualStudioVersion = 15.0.28307.438
MinimumVisualStudioVersion = 10.0.40219.1
Project("{FAE04EC0-301F-11D3-BF4B-00C04F79EFBC}") = "电网自动化", "电网自动化\电网自动化.csproj", "{56C1D32A-AB37-4DB3-B3C4-081CFC4D5240}"
EndProject
Global
	GlobalSection(SolutionConfigurationPlatforms) = preSolution
		Debug|Any CPU = Debug|Any CPU
		Release|Any CPU = Release|Any CPU
	EndGlobalSection
	GlobalSection(ProjectConfigurationPlatforms) = postSolution
		{56C1D32A-AB37-4DB3-B3C4-081CFC4D5240}.Debug|Any CPU.ActiveCfg = Debug|Any CPU
		{56C1D32A-AB37-4DB3-B3C4-081CFC4D5240}.Debug|Any CPU.Build.0 = Debug|Any CPU
		{56C1D32A-AB37-4DB3-B3C4-081CFC4D5240}.Release|Any CPU.ActiveCfg = Release|Any CPU
		{56C1D32A-AB37-4DB3-B3C4-081CFC4D5240}.Release|Any CPU.Build.0 = Release|Any CPU
	EndGlobalSection
	GlobalSection(SolutionProperties) = preSolution
		HideSolutionNode = FALSE
	EndGlobalSection
	GlobalSection(ExtensibilityGlobals) = postSolution
		SolutionGuid = {6FEDC554-AE21-453B-888E-4B2A82A50C5C}
	EndGlobalSection
EndGlobal
